Microsoft Visual Studio Solution File, Format Version 12.00
# Visual Studio Version 17
VisualStudioVersion = 17.5.2.0
MinimumVisualStudioVersion = 10.0.40219.1
Project("{FAE04EC0-301F-11D3-BF4B-00C04F79EFBC}") = "FlawlessDevelopment.Web", "FlawlessDevelopment.Web.csproj", "{BA024992-7D03-7B05-2983-E5030242B233}"
EndProject
Project("{FAE04EC0-301F-11D3-BF4B-00C04F79EFBC}") = "FlawlessDevelopment.Shared", "..\FlawlessDevelopment\FlawlessDevelopment.Shared.csproj", "{61BFBB23-005A-FA41-E748-5D13F10FF776}"
EndProject
Global
	GlobalSection(SolutionConfigurationPlatforms) = preSolution
		Debug|Any CPU = Debug|Any CPU
		Release|Any CPU = Release|Any CPU
	EndGlobalSection
	GlobalSection(ProjectConfigurationPlatforms) = postSolution
		{BA024992-7D03-7B05-2983-E5030242B233}.Debug|Any CPU.ActiveCfg = Debug|Any CPU
		{BA024992-7D03-7B05-2983-E5030242B233}.Debug|Any CPU.Build.0 = Debug|Any CPU
		{BA024992-7D03-7B05-2983-E5030242B233}.Release|Any CPU.ActiveCfg = Release|Any CPU
		{BA024992-7D03-7B05-2983-E5030242B233}.Release|Any CPU.Build.0 = Release|Any CPU
		{61BFBB23-005A-FA41-E748-5D13F10FF776}.Debug|Any CPU.ActiveCfg = Debug|Any CPU
		{61BFBB23-005A-FA41-E748-5D13F10FF776}.Debug|Any CPU.Build.0 = Debug|Any CPU
		{61BFBB23-005A-FA41-E748-5D13F10FF776}.Release|Any CPU.ActiveCfg = Release|Any CPU
		{61BFBB23-005A-FA41-E748-5D13F10FF776}.Release|Any CPU.Build.0 = Release|Any CPU
	EndGlobalSection
	GlobalSection(SolutionProperties) = preSolution
		HideSolutionNode = FALSE
	EndGlobalSection
	GlobalSection(ExtensibilityGlobals) = postSolution
		SolutionGuid = {54F97139-3E29-4AF8-B974-B4692E02F29D}
	EndGlobalSection
EndGlobal
