
Microsoft Visual Studio Solution File, Format Version 12.00
# Visual Studio Version 17
VisualStudioVersion = 17.13.35931.197
MinimumVisualStudioVersion = 10.0.40219.1
Project("{FAE04EC0-301F-11D3-BF4B-00C04F79EFBC}") = "FlawlessDevelopment.Web", "FlawlessDevelopment.Web\FlawlessDevelopment.Web.csproj", "{BA024992-7D03-7B05-2983-E5030242B233}"
EndProject
Project("{FAE04EC0-301F-11D3-BF4B-00C04F79EFBC}") = "FlawlessDevelopment.Shared", "FlawlessDevelopment.Shared\FlawlessDevelopment.Shared.csproj", "{8CAE8386-E59B-2437-F6E0-05B3299E67DE}"
EndProject
Global
	GlobalSection(SolutionConfigurationPlatforms) = preSolution
		Debug|Any CPU = Debug|Any CPU
		Release|Any CPU = Release|Any CPU
	EndGlobalSection
	GlobalSection(ProjectConfigurationPlatforms) = postSolution
		{BA024992-7D03-7B05-2983-E5030242B233}.Debug|Any CPU.ActiveCfg = Debug|Any CPU
		{BA024992-7D03-7B05-2983-E5030242B233}.Debug|Any CPU.Build.0 = Debug|Any CPU
		{BA024992-7D03-7B05-2983-E5030242B233}.Release|Any CPU.ActiveCfg = Release|Any CPU
		{BA024992-7D03-7B05-2983-E5030242B233}.Release|Any CPU.Build.0 = Release|Any CPU
		{8CAE8386-E59B-2437-F6E0-05B3299E67DE}.Debug|Any CPU.ActiveCfg = Debug|Any CPU
		{8CAE8386-E59B-2437-F6E0-05B3299E67DE}.Debug|Any CPU.Build.0 = Debug|Any CPU
		{8CAE8386-E59B-2437-F6E0-05B3299E67DE}.Release|Any CPU.ActiveCfg = Release|Any CPU
		{8CAE8386-E59B-2437-F6E0-05B3299E67DE}.Release|Any CPU.Build.0 = Release|Any CPU
	EndGlobalSection
	GlobalSection(SolutionProperties) = preSolution
		HideSolutionNode = FALSE
	EndGlobalSection
	GlobalSection(ExtensibilityGlobals) = postSolution
		SolutionGuid = {E9651A09-EAD4-4B84-B5DC-460AED9F7E68}
	EndGlobalSection
EndGlobal
